
Microsoft Visual Studio Solution File, Format Version 12.00
# Visual Studio 2012
Project("{FAE04EC0-301F-11D3-BF4B-00C04F79EFBC}") = "Espacio_v2", "Espacio_v2\Espacio_v2.csproj", "{0A9AA1BE-24C6-4605-BDF1-BAA5D3C2346D}"
EndProject
Project("{FAE04EC0-301F-11D3-BF4B-00C04F79EFBC}") = "Backend", "Backend\Backend.csproj", "{87CC2D75-B6BD-4CE7-ABC9-87090AD62829}"
EndProject
Global
	GlobalSection(SolutionConfigurationPlatforms) = preSolution
		Debug|Any CPU = Debug|Any CPU
		Release|Any CPU = Release|Any CPU
	EndGlobalSection
	GlobalSection(ProjectConfigurationPlatforms) = postSolution
		{0A9AA1BE-24C6-4605-BDF1-BAA5D3C2346D}.Debug|Any CPU.ActiveCfg = Debug|Any CPU
		{0A9AA1BE-24C6-4605-BDF1-BAA5D3C2346D}.Debug|Any CPU.Build.0 = Debug|Any CPU
		{0A9AA1BE-24C6-4605-BDF1-BAA5D3C2346D}.Release|Any CPU.ActiveCfg = Release|Any CPU
		{0A9AA1BE-24C6-4605-BDF1-BAA5D3C2346D}.Release|Any CPU.Build.0 = Release|Any CPU
		{87CC2D75-B6BD-4CE7-ABC9-87090AD62829}.Debug|Any CPU.ActiveCfg = Debug|Any CPU
		{87CC2D75-B6BD-4CE7-ABC9-87090AD62829}.Debug|Any CPU.Build.0 = Debug|Any CPU
		{87CC2D75-B6BD-4CE7-ABC9-87090AD62829}.Release|Any CPU.ActiveCfg = Release|Any CPU
		{87CC2D75-B6BD-4CE7-ABC9-87090AD62829}.Release|Any CPU.Build.0 = Release|Any CPU
	EndGlobalSection
	GlobalSection(SolutionProperties) = preSolution
		HideSolutionNode = FALSE
	EndGlobalSection
EndGlobal
