
Microsoft Visual Studio Solution File, Format Version 12.00
# Visual Studio 2012
Project("{FAE04EC0-301F-11D3-BF4B-00C04F79EFBC}") = "Ajedrez", "Ajedrez\Ajedrez.csproj", "{474D64F4-FFB3-42E9-9A24-6CC1CBBA244B}"
EndProject
Project("{FAE04EC0-301F-11D3-BF4B-00C04F79EFBC}") = "Logica", "Logica\Logica.csproj", "{52751994-6B32-4F11-889C-458F2599DAA3}"
EndProject
Global
	GlobalSection(SolutionConfigurationPlatforms) = preSolution
		Debug|Any CPU = Debug|Any CPU
		Release|Any CPU = Release|Any CPU
	EndGlobalSection
	GlobalSection(ProjectConfigurationPlatforms) = postSolution
		{474D64F4-FFB3-42E9-9A24-6CC1CBBA244B}.Debug|Any CPU.ActiveCfg = Debug|Any CPU
		{474D64F4-FFB3-42E9-9A24-6CC1CBBA244B}.Debug|Any CPU.Build.0 = Debug|Any CPU
		{474D64F4-FFB3-42E9-9A24-6CC1CBBA244B}.Release|Any CPU.ActiveCfg = Release|Any CPU
		{474D64F4-FFB3-42E9-9A24-6CC1CBBA244B}.Release|Any CPU.Build.0 = Release|Any CPU
		{52751994-6B32-4F11-889C-458F2599DAA3}.Debug|Any CPU.ActiveCfg = Debug|Any CPU
		{52751994-6B32-4F11-889C-458F2599DAA3}.Debug|Any CPU.Build.0 = Debug|Any CPU
		{52751994-6B32-4F11-889C-458F2599DAA3}.Release|Any CPU.ActiveCfg = Release|Any CPU
		{52751994-6B32-4F11-889C-458F2599DAA3}.Release|Any CPU.Build.0 = Release|Any CPU
	EndGlobalSection
	GlobalSection(SolutionProperties) = preSolution
		HideSolutionNode = FALSE
	EndGlobalSection
EndGlobal
